
Microsoft Visual Studio Solution File, Format Version 12.00
# Visual Studio Version 17
VisualStudioVersion = 17.3.32929.385
MinimumVisualStudioVersion = 10.0.40219.1
Project("{9A19103F-16F7-4668-BE54-9A1E7A4F7556}") = "MariamApp", "MariamApp\MariamApp.csproj", "{A1F10DA8-B78E-4737-AD4D-3645B54E489C}"
EndProject
Project("{9A19103F-16F7-4668-BE54-9A1E7A4F7556}") = "MariamApp.Data", "MariamApp.Data\MariamApp.Data.csproj", "{8FC183AA-4856-4EDE-80F5-29BAA9C8ABD6}"
EndProject
Project("{FAE04EC0-301F-11D3-BF4B-00C04F79EFBC}") = "MariamApp.Tests", "MariamApp.Tests\MariamApp.Tests.csproj", "{AA31C609-0916-4472-9CDD-2584B4410462}"
EndProject
Global
	GlobalSection(SolutionConfigurationPlatforms) = preSolution
		Debug|Any CPU = Debug|Any CPU
		Release|Any CPU = Release|Any CPU
	EndGlobalSection
	GlobalSection(ProjectConfigurationPlatforms) = postSolution
		{A1F10DA8-B78E-4737-AD4D-3645B54E489C}.Debug|Any CPU.ActiveCfg = Debug|Any CPU
		{A1F10DA8-B78E-4737-AD4D-3645B54E489C}.Debug|Any CPU.Build.0 = Debug|Any CPU
		{A1F10DA8-B78E-4737-AD4D-3645B54E489C}.Release|Any CPU.ActiveCfg = Release|Any CPU
		{A1F10DA8-B78E-4737-AD4D-3645B54E489C}.Release|Any CPU.Build.0 = Release|Any CPU
		{8FC183AA-4856-4EDE-80F5-29BAA9C8ABD6}.Debug|Any CPU.ActiveCfg = Debug|Any CPU
		{8FC183AA-4856-4EDE-80F5-29BAA9C8ABD6}.Debug|Any CPU.Build.0 = Debug|Any CPU
		{8FC183AA-4856-4EDE-80F5-29BAA9C8ABD6}.Release|Any CPU.ActiveCfg = Release|Any CPU
		{8FC183AA-4856-4EDE-80F5-29BAA9C8ABD6}.Release|Any CPU.Build.0 = Release|Any CPU
		{AA31C609-0916-4472-9CDD-2584B4410462}.Debug|Any CPU.ActiveCfg = Debug|Any CPU
		{AA31C609-0916-4472-9CDD-2584B4410462}.Debug|Any CPU.Build.0 = Debug|Any CPU
		{AA31C609-0916-4472-9CDD-2584B4410462}.Release|Any CPU.ActiveCfg = Release|Any CPU
		{AA31C609-0916-4472-9CDD-2584B4410462}.Release|Any CPU.Build.0 = Release|Any CPU
	EndGlobalSection
	GlobalSection(SolutionProperties) = preSolution
		HideSolutionNode = FALSE
	EndGlobalSection
	GlobalSection(ExtensibilityGlobals) = postSolution
		SolutionGuid = {E0E7FF85-714B-49FB-A4A3-04036321BF40}
	EndGlobalSection
EndGlobal
